
Microsoft Visual Studio Solution File, Format Version 12.00
# Visual Studio Version 17
VisualStudioVersion = 17.4.33403.182
MinimumVisualStudioVersion = 10.0.40219.1
Project("{FAE04EC0-301F-11D3-BF4B-00C04F79EFBC}") = "VolleyBallWebLaba1", "VolleyBallWebLaba1.csproj", "{6276BA9E-D377-43A4-90E7-3AD0B385A72F}"
EndProject
Global
	GlobalSection(SolutionConfigurationPlatforms) = preSolution
		Debug|Any CPU = Debug|Any CPU
		Release|Any CPU = Release|Any CPU
	EndGlobalSection
	GlobalSection(ProjectConfigurationPlatforms) = postSolution
		{6276BA9E-D377-43A4-90E7-3AD0B385A72F}.Debug|Any CPU.ActiveCfg = Debug|Any CPU
		{6276BA9E-D377-43A4-90E7-3AD0B385A72F}.Debug|Any CPU.Build.0 = Debug|Any CPU
		{6276BA9E-D377-43A4-90E7-3AD0B385A72F}.Release|Any CPU.ActiveCfg = Release|Any CPU
		{6276BA9E-D377-43A4-90E7-3AD0B385A72F}.Release|Any CPU.Build.0 = Release|Any CPU
	EndGlobalSection
	GlobalSection(SolutionProperties) = preSolution
		HideSolutionNode = FALSE
	EndGlobalSection
	GlobalSection(ExtensibilityGlobals) = postSolution
		SolutionGuid = {208BB535-A997-49DE-AE64-4391A234459F}
	EndGlobalSection
EndGlobal
